
Microsoft Visual Studio Solution File, Format Version 12.00
# Visual Studio Version 16
VisualStudioVersion = 16.0.30105.148
MinimumVisualStudioVersion = 10.0.40219.1
Project("{9A19103F-16F7-4668-BE54-9A1E7A4F7556}") = "TccpDotNet", "TccpDotNet\TccpDotNet.csproj", "{D1568F2B-973E-49F7-832D-1C0A78AF7D83}"
EndProject
Project("{9A19103F-16F7-4668-BE54-9A1E7A4F7556}") = "TccpDotNet.Infra", "TccpDotNet.Infra\TccpDotNet.Infra.csproj", "{FD1E361C-0E48-453B-B541-6977BB89366E}"
EndProject
Project("{9A19103F-16F7-4668-BE54-9A1E7A4F7556}") = "TccpDotNet.Domain", "TccpDotNet.Domain\TccpDotNet.Domain.csproj", "{5A4DEEA3-08E1-4763-8996-4CA4985D11C7}"
EndProject
Project("{9A19103F-16F7-4668-BE54-9A1E7A4F7556}") = "TccpDotNet.Shared", "TccpDotNet.Shared\TccpDotNet.Shared.csproj", "{A96C7A0F-03CF-46C6-85A5-FC78825D1491}"
EndProject
Project("{9A19103F-16F7-4668-BE54-9A1E7A4F7556}") = "TccpDotNetApi", "TccpApi\TccpDotNetApi.csproj", "{8D86F0D1-6AE8-466E-BC1B-47318CEE7F40}"
EndProject
Global
	GlobalSection(SolutionConfigurationPlatforms) = preSolution
		Debug|Any CPU = Debug|Any CPU
		Release|Any CPU = Release|Any CPU
	EndGlobalSection
	GlobalSection(ProjectConfigurationPlatforms) = postSolution
		{D1568F2B-973E-49F7-832D-1C0A78AF7D83}.Debug|Any CPU.ActiveCfg = Debug|Any CPU
		{D1568F2B-973E-49F7-832D-1C0A78AF7D83}.Debug|Any CPU.Build.0 = Debug|Any CPU
		{D1568F2B-973E-49F7-832D-1C0A78AF7D83}.Release|Any CPU.ActiveCfg = Release|Any CPU
		{D1568F2B-973E-49F7-832D-1C0A78AF7D83}.Release|Any CPU.Build.0 = Release|Any CPU
		{FD1E361C-0E48-453B-B541-6977BB89366E}.Debug|Any CPU.ActiveCfg = Debug|Any CPU
		{FD1E361C-0E48-453B-B541-6977BB89366E}.Debug|Any CPU.Build.0 = Debug|Any CPU
		{FD1E361C-0E48-453B-B541-6977BB89366E}.Release|Any CPU.ActiveCfg = Release|Any CPU
		{FD1E361C-0E48-453B-B541-6977BB89366E}.Release|Any CPU.Build.0 = Release|Any CPU
		{5A4DEEA3-08E1-4763-8996-4CA4985D11C7}.Debug|Any CPU.ActiveCfg = Debug|Any CPU
		{5A4DEEA3-08E1-4763-8996-4CA4985D11C7}.Debug|Any CPU.Build.0 = Debug|Any CPU
		{5A4DEEA3-08E1-4763-8996-4CA4985D11C7}.Release|Any CPU.ActiveCfg = Release|Any CPU
		{5A4DEEA3-08E1-4763-8996-4CA4985D11C7}.Release|Any CPU.Build.0 = Release|Any CPU
		{A96C7A0F-03CF-46C6-85A5-FC78825D1491}.Debug|Any CPU.ActiveCfg = Debug|Any CPU
		{A96C7A0F-03CF-46C6-85A5-FC78825D1491}.Debug|Any CPU.Build.0 = Debug|Any CPU
		{A96C7A0F-03CF-46C6-85A5-FC78825D1491}.Release|Any CPU.ActiveCfg = Release|Any CPU
		{A96C7A0F-03CF-46C6-85A5-FC78825D1491}.Release|Any CPU.Build.0 = Release|Any CPU
		{8D86F0D1-6AE8-466E-BC1B-47318CEE7F40}.Debug|Any CPU.ActiveCfg = Debug|Any CPU
		{8D86F0D1-6AE8-466E-BC1B-47318CEE7F40}.Debug|Any CPU.Build.0 = Debug|Any CPU
		{8D86F0D1-6AE8-466E-BC1B-47318CEE7F40}.Release|Any CPU.ActiveCfg = Release|Any CPU
		{8D86F0D1-6AE8-466E-BC1B-47318CEE7F40}.Release|Any CPU.Build.0 = Release|Any CPU
	EndGlobalSection
	GlobalSection(SolutionProperties) = preSolution
		HideSolutionNode = FALSE
	EndGlobalSection
	GlobalSection(ExtensibilityGlobals) = postSolution
		SolutionGuid = {E4653B8D-3959-4EED-A938-EB36B94FC24A}
	EndGlobalSection
EndGlobal
